
Microsoft Visual Studio Solution File, Format Version 12.00
# Visual Studio Version 17
VisualStudioVersion = 17.5.33530.505
MinimumVisualStudioVersion = 10.0.40219.1
Project("{FAE04EC0-301F-11D3-BF4B-00C04F79EFBC}") = "WpfApp2", "WpfApp2\WpfApp2.csproj", "{4410B391-1A96-40FD-813B-468E29053A28}"
EndProject
Project("{FAE04EC0-301F-11D3-BF4B-00C04F79EFBC}") = "WpfCustomControlLibrary1", "WpfCustomControlLibrary1\WpfCustomControlLibrary1.csproj", "{57E4ABE8-0D7B-4602-BD24-EE98F2740E63}"
EndProject
Global
	GlobalSection(SolutionConfigurationPlatforms) = preSolution
		Debug|Any CPU = Debug|Any CPU
		Release|Any CPU = Release|Any CPU
	EndGlobalSection
	GlobalSection(ProjectConfigurationPlatforms) = postSolution
		{4410B391-1A96-40FD-813B-468E29053A28}.Debug|Any CPU.ActiveCfg = Debug|Any CPU
		{4410B391-1A96-40FD-813B-468E29053A28}.Debug|Any CPU.Build.0 = Debug|Any CPU
		{4410B391-1A96-40FD-813B-468E29053A28}.Release|Any CPU.ActiveCfg = Release|Any CPU
		{4410B391-1A96-40FD-813B-468E29053A28}.Release|Any CPU.Build.0 = Release|Any CPU
		{57E4ABE8-0D7B-4602-BD24-EE98F2740E63}.Debug|Any CPU.ActiveCfg = Debug|Any CPU
		{57E4ABE8-0D7B-4602-BD24-EE98F2740E63}.Debug|Any CPU.Build.0 = Debug|Any CPU
		{57E4ABE8-0D7B-4602-BD24-EE98F2740E63}.Release|Any CPU.ActiveCfg = Release|Any CPU
		{57E4ABE8-0D7B-4602-BD24-EE98F2740E63}.Release|Any CPU.Build.0 = Release|Any CPU
	EndGlobalSection
	GlobalSection(SolutionProperties) = preSolution
		HideSolutionNode = FALSE
	EndGlobalSection
	GlobalSection(ExtensibilityGlobals) = postSolution
		SolutionGuid = {EB70A5FC-CF9E-440A-8597-F5B631814FF7}
	EndGlobalSection
EndGlobal
